
Microsoft Visual Studio Solution File, Format Version 11.00
# Visual Studio 2010
Project("{FAE04EC0-301F-11D3-BF4B-00C04F79EFBC}") = "Cqrs", "Cqrs\Cqrs.csproj", "{CDC6391F-3C03-45DA-9DB5-94F433CD7560}"
EndProject
Project("{2150E333-8FDC-42A3-9474-1A3956D46DE8}") = "Example", "Example", "{94D8022C-C95A-43C0-8EC3-B83BA5C980F8}"
EndProject
Project("{FAE04EC0-301F-11D3-BF4B-00C04F79EFBC}") = "Example.Commands", "Example.Commands\Example.Commands.csproj", "{C25F3937-A414-4397-80FB-9802CF034E5C}"
EndProject
Project("{FAE04EC0-301F-11D3-BF4B-00C04F79EFBC}") = "Example.Events", "Example.Events\Example.Events.csproj", "{3CA57348-CBBE-454D-AB4B-B9890DD6C2F1}"
EndProject
Project("{FAE04EC0-301F-11D3-BF4B-00C04F79EFBC}") = "Example.Domain", "Example.Domain\Example.Domain.csproj", "{0AB1DFC4-7F7D-46B9-9DC5-092B948F31A9}"
EndProject
Project("{FAE04EC0-301F-11D3-BF4B-00C04F79EFBC}") = "Example.Domain.Tests", "Example.Domain.Tests\Example.Domain.Tests.csproj", "{26ABAC41-2681-4A63-89EB-24430636D5A7}"
EndProject
Project("{FAE04EC0-301F-11D3-BF4B-00C04F79EFBC}") = "Example.Handlers", "Example.Handlers\Example.Handlers.csproj", "{82AED54C-61B9-42F5-9D6E-D2897AF56F41}"
EndProject
Project("{FAE04EC0-301F-11D3-BF4B-00C04F79EFBC}") = "Cqrs.Specs", "Cqrs.Specs\Cqrs.Specs.csproj", "{AFBC5E46-5BC8-4E2A-9625-6A6E24CA4928}"
EndProject
Project("{2150E333-8FDC-42A3-9474-1A3956D46DE8}") = "Tests", "Tests", "{56C1A1C8-2093-4E5C-82D6-C041350C6563}"
EndProject
Project("{FAE04EC0-301F-11D3-BF4B-00C04F79EFBC}") = "Cqrs.Ninject", "Cqrs.Ninject\Cqrs.Ninject.csproj", "{107068A0-B235-48C9-A1F4-26A0DD96A536}"
EndProject
Project("{FAE04EC0-301F-11D3-BF4B-00C04F79EFBC}") = "Example.Core", "Example.Core\Example.Core.csproj", "{B64FF99A-9F06-4270-8F8E-D1F39998916E}"
EndProject
Project("{FAE04EC0-301F-11D3-BF4B-00C04F79EFBC}") = "Example.Services", "Example.Services\Example.Services.csproj", "{F38AD1A6-5A8D-402D-ADA9-90BEEA100CB7}"
EndProject
Global
	GlobalSection(SolutionConfigurationPlatforms) = preSolution
		Debug|Any CPU = Debug|Any CPU
		Release|Any CPU = Release|Any CPU
	EndGlobalSection
	GlobalSection(ProjectConfigurationPlatforms) = postSolution
		{CDC6391F-3C03-45DA-9DB5-94F433CD7560}.Debug|Any CPU.ActiveCfg = Debug|Any CPU
		{CDC6391F-3C03-45DA-9DB5-94F433CD7560}.Debug|Any CPU.Build.0 = Debug|Any CPU
		{CDC6391F-3C03-45DA-9DB5-94F433CD7560}.Release|Any CPU.ActiveCfg = Release|Any CPU
		{CDC6391F-3C03-45DA-9DB5-94F433CD7560}.Release|Any CPU.Build.0 = Release|Any CPU
		{C25F3937-A414-4397-80FB-9802CF034E5C}.Debug|Any CPU.ActiveCfg = Debug|Any CPU
		{C25F3937-A414-4397-80FB-9802CF034E5C}.Debug|Any CPU.Build.0 = Debug|Any CPU
		{C25F3937-A414-4397-80FB-9802CF034E5C}.Release|Any CPU.ActiveCfg = Release|Any CPU
		{C25F3937-A414-4397-80FB-9802CF034E5C}.Release|Any CPU.Build.0 = Release|Any CPU
		{3CA57348-CBBE-454D-AB4B-B9890DD6C2F1}.Debug|Any CPU.ActiveCfg = Debug|Any CPU
		{3CA57348-CBBE-454D-AB4B-B9890DD6C2F1}.Debug|Any CPU.Build.0 = Debug|Any CPU
		{3CA57348-CBBE-454D-AB4B-B9890DD6C2F1}.Release|Any CPU.ActiveCfg = Release|Any CPU
		{3CA57348-CBBE-454D-AB4B-B9890DD6C2F1}.Release|Any CPU.Build.0 = Release|Any CPU
		{0AB1DFC4-7F7D-46B9-9DC5-092B948F31A9}.Debug|Any CPU.ActiveCfg = Debug|Any CPU
		{0AB1DFC4-7F7D-46B9-9DC5-092B948F31A9}.Debug|Any CPU.Build.0 = Debug|Any CPU
		{0AB1DFC4-7F7D-46B9-9DC5-092B948F31A9}.Release|Any CPU.ActiveCfg = Release|Any CPU
		{0AB1DFC4-7F7D-46B9-9DC5-092B948F31A9}.Release|Any CPU.Build.0 = Release|Any CPU
		{26ABAC41-2681-4A63-89EB-24430636D5A7}.Debug|Any CPU.ActiveCfg = Debug|Any CPU
		{26ABAC41-2681-4A63-89EB-24430636D5A7}.Debug|Any CPU.Build.0 = Debug|Any CPU
		{26ABAC41-2681-4A63-89EB-24430636D5A7}.Release|Any CPU.ActiveCfg = Release|Any CPU
		{26ABAC41-2681-4A63-89EB-24430636D5A7}.Release|Any CPU.Build.0 = Release|Any CPU
		{82AED54C-61B9-42F5-9D6E-D2897AF56F41}.Debug|Any CPU.ActiveCfg = Debug|Any CPU
		{82AED54C-61B9-42F5-9D6E-D2897AF56F41}.Debug|Any CPU.Build.0 = Debug|Any CPU
		{82AED54C-61B9-42F5-9D6E-D2897AF56F41}.Release|Any CPU.ActiveCfg = Release|Any CPU
		{82AED54C-61B9-42F5-9D6E-D2897AF56F41}.Release|Any CPU.Build.0 = Release|Any CPU
		{AFBC5E46-5BC8-4E2A-9625-6A6E24CA4928}.Debug|Any CPU.ActiveCfg = Debug|Any CPU
		{AFBC5E46-5BC8-4E2A-9625-6A6E24CA4928}.Debug|Any CPU.Build.0 = Debug|Any CPU
		{AFBC5E46-5BC8-4E2A-9625-6A6E24CA4928}.Release|Any CPU.ActiveCfg = Release|Any CPU
		{AFBC5E46-5BC8-4E2A-9625-6A6E24CA4928}.Release|Any CPU.Build.0 = Release|Any CPU
		{107068A0-B235-48C9-A1F4-26A0DD96A536}.Debug|Any CPU.ActiveCfg = Debug|Any CPU
		{107068A0-B235-48C9-A1F4-26A0DD96A536}.Debug|Any CPU.Build.0 = Debug|Any CPU
		{107068A0-B235-48C9-A1F4-26A0DD96A536}.Release|Any CPU.ActiveCfg = Release|Any CPU
		{107068A0-B235-48C9-A1F4-26A0DD96A536}.Release|Any CPU.Build.0 = Release|Any CPU
		{B64FF99A-9F06-4270-8F8E-D1F39998916E}.Debug|Any CPU.ActiveCfg = Debug|Any CPU
		{B64FF99A-9F06-4270-8F8E-D1F39998916E}.Debug|Any CPU.Build.0 = Debug|Any CPU
		{B64FF99A-9F06-4270-8F8E-D1F39998916E}.Release|Any CPU.ActiveCfg = Release|Any CPU
		{B64FF99A-9F06-4270-8F8E-D1F39998916E}.Release|Any CPU.Build.0 = Release|Any CPU
		{F38AD1A6-5A8D-402D-ADA9-90BEEA100CB7}.Debug|Any CPU.ActiveCfg = Debug|Any CPU
		{F38AD1A6-5A8D-402D-ADA9-90BEEA100CB7}.Debug|Any CPU.Build.0 = Debug|Any CPU
		{F38AD1A6-5A8D-402D-ADA9-90BEEA100CB7}.Release|Any CPU.ActiveCfg = Release|Any CPU
		{F38AD1A6-5A8D-402D-ADA9-90BEEA100CB7}.Release|Any CPU.Build.0 = Release|Any CPU
	EndGlobalSection
	GlobalSection(SolutionProperties) = preSolution
		HideSolutionNode = FALSE
	EndGlobalSection
	GlobalSection(NestedProjects) = preSolution
		{C25F3937-A414-4397-80FB-9802CF034E5C} = {94D8022C-C95A-43C0-8EC3-B83BA5C980F8}
		{3CA57348-CBBE-454D-AB4B-B9890DD6C2F1} = {94D8022C-C95A-43C0-8EC3-B83BA5C980F8}
		{0AB1DFC4-7F7D-46B9-9DC5-092B948F31A9} = {94D8022C-C95A-43C0-8EC3-B83BA5C980F8}
		{56C1A1C8-2093-4E5C-82D6-C041350C6563} = {94D8022C-C95A-43C0-8EC3-B83BA5C980F8}
		{82AED54C-61B9-42F5-9D6E-D2897AF56F41} = {94D8022C-C95A-43C0-8EC3-B83BA5C980F8}
		{B64FF99A-9F06-4270-8F8E-D1F39998916E} = {94D8022C-C95A-43C0-8EC3-B83BA5C980F8}
		{F38AD1A6-5A8D-402D-ADA9-90BEEA100CB7} = {94D8022C-C95A-43C0-8EC3-B83BA5C980F8}
		{26ABAC41-2681-4A63-89EB-24430636D5A7} = {56C1A1C8-2093-4E5C-82D6-C041350C6563}
	EndGlobalSection
EndGlobal
